
Microsoft Visual Studio Solution File, Format Version 12.00
# Visual Studio Version 16
VisualStudioVersion = 16.0.29418.71
MinimumVisualStudioVersion = 10.0.40219.1
Project("{FAE04EC0-301F-11D3-BF4B-00C04F79EFBC}") = "Xamarin.Forms.BindingConverters", "Xamarin.Forms.BindingConverters\Xamarin.Forms.BindingConverters.csproj", "{A885A41B-AD86-41A9-A70D-ED1C08EF3C67}"
EndProject
Global
	GlobalSection(SolutionConfigurationPlatforms) = preSolution
		Debug|Any CPU = Debug|Any CPU
		Release|Any CPU = Release|Any CPU
	EndGlobalSection
	GlobalSection(ProjectConfigurationPlatforms) = postSolution
		{A885A41B-AD86-41A9-A70D-ED1C08EF3C67}.Debug|Any CPU.ActiveCfg = Debug|Any CPU
		{A885A41B-AD86-41A9-A70D-ED1C08EF3C67}.Debug|Any CPU.Build.0 = Debug|Any CPU
		{A885A41B-AD86-41A9-A70D-ED1C08EF3C67}.Release|Any CPU.ActiveCfg = Release|Any CPU
		{A885A41B-AD86-41A9-A70D-ED1C08EF3C67}.Release|Any CPU.Build.0 = Release|Any CPU
	EndGlobalSection
	GlobalSection(SolutionProperties) = preSolution
		HideSolutionNode = FALSE
	EndGlobalSection
	GlobalSection(ExtensibilityGlobals) = postSolution
		SolutionGuid = {7E86B785-751C-41BC-8500-7D0FC903ED77}
	EndGlobalSection
EndGlobal
